
Microsoft Visual Studio Solution File, Format Version 12.00
# Visual Studio Version 17
VisualStudioVersion = 17.13.35825.156
MinimumVisualStudioVersion = 10.0.40219.1
Project("{FAE04EC0-301F-11D3-BF4B-00C04F79EFBC}") = "TN01-WFCadastroContato", "TN01-WFCadastroContato\TN01-WFCadastroContato.csproj", "{8FDEB77F-1008-42FB-AD3C-1CE4FF104C71}"
EndProject
Project("{FAE04EC0-301F-11D3-BF4B-00C04F79EFBC}") = "WFAcesso", "WFAcesso\WFAcesso.csproj", "{7D1D5209-88DC-4A07-A74D-65BF4E8FE595}"
EndProject
Project("{FAE04EC0-301F-11D3-BF4B-00C04F79EFBC}") = "WFUsandoListagem", "WFUsandoListagem\WFUsandoListagem.csproj", "{714E784A-B0FE-495E-8074-55727DCF5B08}"
EndProject
Global
	GlobalSection(SolutionConfigurationPlatforms) = preSolution
		Debug|Any CPU = Debug|Any CPU
		Release|Any CPU = Release|Any CPU
	EndGlobalSection
	GlobalSection(ProjectConfigurationPlatforms) = postSolution
		{8FDEB77F-1008-42FB-AD3C-1CE4FF104C71}.Debug|Any CPU.ActiveCfg = Debug|Any CPU
		{8FDEB77F-1008-42FB-AD3C-1CE4FF104C71}.Debug|Any CPU.Build.0 = Debug|Any CPU
		{8FDEB77F-1008-42FB-AD3C-1CE4FF104C71}.Release|Any CPU.ActiveCfg = Release|Any CPU
		{8FDEB77F-1008-42FB-AD3C-1CE4FF104C71}.Release|Any CPU.Build.0 = Release|Any CPU
		{7D1D5209-88DC-4A07-A74D-65BF4E8FE595}.Debug|Any CPU.ActiveCfg = Debug|Any CPU
		{7D1D5209-88DC-4A07-A74D-65BF4E8FE595}.Debug|Any CPU.Build.0 = Debug|Any CPU
		{7D1D5209-88DC-4A07-A74D-65BF4E8FE595}.Release|Any CPU.ActiveCfg = Release|Any CPU
		{7D1D5209-88DC-4A07-A74D-65BF4E8FE595}.Release|Any CPU.Build.0 = Release|Any CPU
		{714E784A-B0FE-495E-8074-55727DCF5B08}.Debug|Any CPU.ActiveCfg = Debug|Any CPU
		{714E784A-B0FE-495E-8074-55727DCF5B08}.Debug|Any CPU.Build.0 = Debug|Any CPU
		{714E784A-B0FE-495E-8074-55727DCF5B08}.Release|Any CPU.ActiveCfg = Release|Any CPU
		{714E784A-B0FE-495E-8074-55727DCF5B08}.Release|Any CPU.Build.0 = Release|Any CPU
	EndGlobalSection
	GlobalSection(SolutionProperties) = preSolution
		HideSolutionNode = FALSE
	EndGlobalSection
	GlobalSection(ExtensibilityGlobals) = postSolution
		SolutionGuid = {B90CF0CB-FC16-4520-94E2-00FA16374DB2}
	EndGlobalSection
EndGlobal
